
Microsoft Visual Studio Solution File, Format Version 12.00
# Visual Studio Version 17
VisualStudioVersion = 17.6.33829.357
MinimumVisualStudioVersion = 10.0.40219.1
Project("{FAE04EC0-301F-11D3-BF4B-00C04F79EFBC}") = "SmartPro_12", "SmartPro_12\SmartPro_12.csproj", "{938C0A30-2DEF-44BB-88B7-F1099BCEAE34}"
EndProject
Global
	GlobalSection(SolutionConfigurationPlatforms) = preSolution
		Debug|Any CPU = Debug|Any CPU
		Release|Any CPU = Release|Any CPU
	EndGlobalSection
	GlobalSection(ProjectConfigurationPlatforms) = postSolution
		{938C0A30-2DEF-44BB-88B7-F1099BCEAE34}.Debug|Any CPU.ActiveCfg = Debug|Any CPU
		{938C0A30-2DEF-44BB-88B7-F1099BCEAE34}.Debug|Any CPU.Build.0 = Debug|Any CPU
		{938C0A30-2DEF-44BB-88B7-F1099BCEAE34}.Release|Any CPU.ActiveCfg = Release|Any CPU
		{938C0A30-2DEF-44BB-88B7-F1099BCEAE34}.Release|Any CPU.Build.0 = Release|Any CPU
	EndGlobalSection
	GlobalSection(SolutionProperties) = preSolution
		HideSolutionNode = FALSE
	EndGlobalSection
	GlobalSection(ExtensibilityGlobals) = postSolution
		SolutionGuid = {859D6166-7A99-42FC-8CED-D2E66A9A38D2}
	EndGlobalSection
EndGlobal
